
Microsoft Visual Studio Solution File, Format Version 12.00
# Visual Studio 15
VisualStudioVersion = 15.0.26730.12
MinimumVisualStudioVersion = 10.0.40219.1
Project("{FAE04EC0-301F-11D3-BF4B-00C04F79EFBC}") = "FFManager", "FFManager\FFManager.csproj", "{0745A9FB-8130-454E-B0CE-24F3F6E648C1}"
EndProject
Project("{2150E333-8FDC-42A3-9474-1A3956D46DE8}") = "Tests", "Tests", "{44CE5C24-FF6B-45CA-8CD3-4E7EB7918772}"
EndProject
Project("{FAE04EC0-301F-11D3-BF4B-00C04F79EFBC}") = "ModelTest", "Tests\ModelTest\ModelTest.csproj", "{ADDDFEE9-160E-4DC1-A960-12CB3CA32E5B}"
EndProject
Project("{FAE04EC0-301F-11D3-BF4B-00C04F79EFBC}") = "LocusCommon.Net45", "LocusCommon\LocusCommon.Net45\LocusCommon.Net45.csproj", "{A2A8E19A-9DC6-43D6-8BCC-0D4A2AB0C7BE}"
EndProject
Global
	GlobalSection(SolutionConfigurationPlatforms) = preSolution
		Debug|Any CPU = Debug|Any CPU
		Release|Any CPU = Release|Any CPU
	EndGlobalSection
	GlobalSection(ProjectConfigurationPlatforms) = postSolution
		{0745A9FB-8130-454E-B0CE-24F3F6E648C1}.Debug|Any CPU.ActiveCfg = Debug|Any CPU
		{0745A9FB-8130-454E-B0CE-24F3F6E648C1}.Debug|Any CPU.Build.0 = Debug|Any CPU
		{0745A9FB-8130-454E-B0CE-24F3F6E648C1}.Release|Any CPU.ActiveCfg = Release|Any CPU
		{0745A9FB-8130-454E-B0CE-24F3F6E648C1}.Release|Any CPU.Build.0 = Release|Any CPU
		{ADDDFEE9-160E-4DC1-A960-12CB3CA32E5B}.Debug|Any CPU.ActiveCfg = Debug|Any CPU
		{ADDDFEE9-160E-4DC1-A960-12CB3CA32E5B}.Debug|Any CPU.Build.0 = Debug|Any CPU
		{ADDDFEE9-160E-4DC1-A960-12CB3CA32E5B}.Release|Any CPU.ActiveCfg = Release|Any CPU
		{ADDDFEE9-160E-4DC1-A960-12CB3CA32E5B}.Release|Any CPU.Build.0 = Release|Any CPU
		{A2A8E19A-9DC6-43D6-8BCC-0D4A2AB0C7BE}.Debug|Any CPU.ActiveCfg = Debug|Any CPU
		{A2A8E19A-9DC6-43D6-8BCC-0D4A2AB0C7BE}.Debug|Any CPU.Build.0 = Debug|Any CPU
		{A2A8E19A-9DC6-43D6-8BCC-0D4A2AB0C7BE}.Release|Any CPU.ActiveCfg = Release|Any CPU
		{A2A8E19A-9DC6-43D6-8BCC-0D4A2AB0C7BE}.Release|Any CPU.Build.0 = Release|Any CPU
	EndGlobalSection
	GlobalSection(SolutionProperties) = preSolution
		HideSolutionNode = FALSE
	EndGlobalSection
	GlobalSection(NestedProjects) = preSolution
		{ADDDFEE9-160E-4DC1-A960-12CB3CA32E5B} = {44CE5C24-FF6B-45CA-8CD3-4E7EB7918772}
	EndGlobalSection
	GlobalSection(ExtensibilityGlobals) = postSolution
		SolutionGuid = {C0A8DB9C-C6D8-4679-B049-250DC1A19205}
	EndGlobalSection
EndGlobal
